// !$*UTF8*$!
{
	archiveVersion = 1;
	classes = {
	};
	objectVersion = 50;
	objects = {

/* Begin PBXBuildFile section */
		93D0FC742240A33100AE377A /* AppDelegate.swift in Sources */ = {isa = PBXBuildFile; fileRef = 93D0FC732240A33100AE377A /* AppDelegate.swift */; };
		93D0FC762240A33100AE377A /* ViewController.swift in Sources */ = {isa = PBXBuildFile; fileRef = 93D0FC752240A33100AE377A /* ViewController.swift */; };
		93D0FC792240A33100AE377A /* Main.storyboard in Resources */ = {isa = PBXBuildFile; fileRef = 93D0FC772240A33100AE377A /* Main.storyboard */; };
		93D0FC7B2240A33300AE377A /* Assets.xcassets in Resources */ = {isa = PBXBuildFile; fileRef = 93D0FC7A2240A33300AE377A /* Assets.xcassets */; };
		93D0FC7E2240A33300AE377A /* LaunchScreen.storyboard in Resources */ = {isa = PBXBuildFile; fileRef = 93D0FC7C2240A33300AE377A /* LaunchScreen.storyboard */; };
		93D0FC892240A33300AE377A /* TestTests.swift in Sources */ = {isa = PBXBuildFile; fileRef = 93D0FC882240A33300AE377A /* TestTests.swift */; };
		93D0FC942240A33300AE377A /* TestUITests.swift in Sources */ = {isa = PBXBuildFile; fileRef = 93D0FC932240A33300AE377A /* TestUITests.swift */; };
/* End PBXBuildFile section */

/* Begin PBXContainerItemProxy section */
		93D0FC852240A33300AE377A /* PBXContainerItemProxy */ = {
			isa = PBXContainerItemProxy;
			containerPortal = 93D0FC682240A33100AE377A /* Project object */;
			proxyType = 1;
			remoteGlobalIDString = 93D0FC6F2240A33100AE377A;
			remoteInfo = Test;
		};
		93D0FC902240A33300AE377A /* PBXContainerItemProxy */ = {
			isa = PBXContainerItemProxy;
			containerPortal = 93D0FC682240A33100AE377A /* Project object */;
			proxyType = 1;
			remoteGlobalIDString = 93D0FC6F2240A33100AE377A;
			remoteInfo = Test;
		};
/* End PBXContainerItemProxy section */

/* Begin PBXFileReference section */
		93D0FC702240A33100AE377A /* Test.app */ = {isa = PBXFileReference; explicitFileType = wrapper.application; includeInIndex = 0; path = Test.app; sourceTree = BUILT_PRODUCTS_DIR; };
		93D0FC732240A33100AE377A /* AppDelegate.swift */ = {isa = PBXFileReference; lastKnownFileType = sourcecode.swift; path = AppDelegate.swift; sourceTree = "<group>"; };
		93D0FC752240A33100AE377A /* ViewController.swift */ = {isa = PBXFileReference; lastKnownFileType = sourcecode.swift; path = ViewController.swift; sourceTree = "<group>"; };
		93D0FC782240A33100AE377A /* Base */ = {isa = PBXFileReference; lastKnownFileType = file.storyboard; name = Base; path = Base.lproj/Main.storyboard; sourceTree = "<group>"; };
		93D0FC7A2240A33300AE377A /* Assets.xcassets */ = {isa = PBXFileReference; lastKnownFileType = folder.assetcatalog; path = Assets.xcassets; sourceTree = "<group>"; };
		93D0FC7D2240A33300AE377A /* Base */ = {isa = PBXFileReference; lastKnownFileType = file.storyboard; name = Base; path = Base.lproj/LaunchScreen.storyboard; sourceTree = "<group>"; };
		93D0FC7F2240A33300AE377A /* Info.plist */ = {isa = PBXFileReference; lastKnownFileType = text.plist.xml; path = Info.plist; sourceTree = "<group>"; };
		93D0FC842240A33300AE377A /* TestTests.xctest */ = {isa = PBXFileReference; explicitFileType = wrapper.cfbundle; includeInIndex = 0; path = TestTests.xctest; sourceTree = BUILT_PRODUCTS_DIR; };
		93D0FC882240A33300AE377A /* TestTests.swift */ = {isa = PBXFileReference; lastKnownFileType = sourcecode.swift; path = TestTests.swift; sourceTree = "<group>"; };
		93D0FC8A2240A33300AE377A /* Info.plist */ = {isa = PBXFileReference; lastKnownFileType = text.plist.xml; path = Info.plist; sourceTree = "<group>"; };
		93D0FC8F2240A33300AE377A /* TestUITests.xctest */ = {isa = PBXFileReference; explicitFileType = wrapper.cfbundle; includeInIndex = 0; path = TestUITests.xctest; sourceTree = BUILT_PRODUCTS_DIR; };
		93D0FC932240A33300AE377A /* TestUITests.swift */ = {isa = PBXFileReference; lastKnownFileType = sourcecode.swift; path = TestUITests.swift; sourceTree = "<group>"; };
		93D0FC952240A33300AE377A /* Info.plist */ = {isa = PBXFileReference; lastKnownFileType = text.plist.xml; path = Info.plist; sourceTree = "<group>"; };
/* End PBXFileReference section */

/* Begin PBXFrameworksBuildPhase section */
		93D0FC6D2240A33100AE377A /* Frameworks */ = {
			isa = PBXFrameworksBuildPhase;
			buildActionMask = 2147483647;
			files = (
			);
			runOnlyForDeploymentPostprocessing = 0;
		};
		93D0FC812240A33300AE377A /* Frameworks */ = {
			isa = PBXFrameworksBuildPhase;
			buildActionMask = 2147483647;
			files = (
			);
			runOnlyForDeploymentPostprocessing = 0;
		};
		93D0FC8C2240A33300AE377A /* Frameworks */ = {
			isa = PBXFrameworksBuildPhase;
			buildActionMask = 2147483647;
			files = (
			);
			runOnlyForDeploymentPostprocessing = 0;
		};
/* End PBXFrameworksBuildPhase section */

/* Begin PBXGroup section */
		93D0FC672240A33100AE377A = {
			isa = PBXGroup;
			children = (
				93D0FC722240A33100AE377A /* Test */,
				93D0FC872240A33300AE377A /* TestTests */,
				93D0FC922240A33300AE377A /* TestUITests */,
				93D0FC712240A33100AE377A /* Products */,
			);
			sourceTree = "<group>";
		};
		93D0FC712240A33100AE377A /* Products */ = {
			isa = PBXGroup;
			children = (
				93D0FC702240A33100AE377A /* Test.app */,
				93D0FC842240A33300AE377A /* TestTests.xctest */,
				93D0FC8F2240A33300AE377A /* TestUITests.xctest */,
			);
			name = Products;
			sourceTree = "<group>";
		};
		93D0FC722240A33100AE377A /* Test */ = {
			isa = PBXGroup;
			children = (
				93D0FC732240A33100AE377A /* AppDelegate.swift */,
				93D0FC752240A33100AE377A /* ViewController.swift */,
				93D0FC772240A33100AE377A /* Main.storyboard */,
				93D0FC7A2240A33300AE377A /* Assets.xcassets */,
				93D0FC7C2240A33300AE377A /* LaunchScreen.storyboard */,
				93D0FC7F2240A33300AE377A /* Info.plist */,
			);
			path = Test;
			sourceTree = "<group>";
		};
		93D0FC872240A33300AE377A /* TestTests */ = {
			isa = PBXGroup;
			children = (
				93D0FC882240A33300AE377A /* TestTests.swift */,
				93D0FC8A2240A33300AE377A /* Info.plist */,
			);
			path = TestTests;
			sourceTree = "<group>";
		};
		93D0FC922240A33300AE377A /* TestUITests */ = {
			isa = PBXGroup;
			children = (
				93D0FC932240A33300AE377A /* TestUITests.swift */,
				93D0FC952240A33300AE377A /* Info.plist */,
			);
			path = TestUITests;
			sourceTree = "<group>";
		};
/* End PBXGroup section */

/* Begin PBXNativeTarget section */
		93D0FC6F2240A33100AE377A /* Test */ = {
			isa = PBXNativeTarget;
			buildConfigurationList = 93D0FC982240A33300AE377A /* Build configuration list for PBXNativeTarget "Test" */;
			buildPhases = (
				93D0FC6C2240A33100AE377A /* Sources */,
				93D0FC6D2240A33100AE377A /* Frameworks */,
				93D0FC6E2240A33100AE377A /* Resources */,
			);
			buildRules = (
			);
			dependencies = (
			);
			name = Test;
			productName = Test;
			productReference = 93D0FC702240A33100AE377A /* Test.app */;
			productType = "com.apple.product-type.application";
		};
		93D0FC832240A33300AE377A /* TestTests */ = {
			isa = PBXNativeTarget;
			buildConfigurationList = 93D0FC9B2240A33300AE377A /* Build configuration list for PBXNativeTarget "TestTests" */;
			buildPhases = (
				93D0FC802240A33300AE377A /* Sources */,
				93D0FC812240A33300AE377A /* Frameworks */,
				93D0FC822240A33300AE377A /* Resources */,
			);
			buildRules = (
			);
			dependencies = (
				93D0FC862240A33300AE377A /* PBXTargetDependency */,
			);
			name = TestTests;
			productName = TestTests;
			productReference = 93D0FC842240A33300AE377A /* TestTests.xctest */;
			productType = "com.apple.product-type.bundle.unit-test";
		};
		93D0FC8E2240A33300AE377A /* TestUITests */ = {
			isa = PBXNativeTarget;
			buildConfigurationList = 93D0FC9E2240A33300AE377A /* Build configuration list for PBXNativeTarget "TestUITests" */;
			buildPhases = (
				93D0FC8B2240A33300AE377A /* Sources */,
				93D0FC8C2240A33300AE377A /* Frameworks */,
				93D0FC8D2240A33300AE377A /* Resources */,
			);
			buildRules = (
			);
			dependencies = (
				93D0FC912240A33300AE377A /* PBXTargetDependency */,
			);
			name = TestUITests;
			productName = TestUITests;
			productReference = 93D0FC8F2240A33300AE377A /* TestUITests.xctest */;
			productType = "com.apple.product-type.bundle.ui-testing";
		};
/* End PBXNativeTarget section */

/* Begin PBXProject section */
		93D0FC682240A33100AE377A /* Project object */ = {
			isa = PBXProject;
			attributes = {
				LastSwiftUpdateCheck = 1010;
				LastUpgradeCheck = 1010;
				ORGANIZATIONNAME = "Joseph Mellin";
				TargetAttributes = {
					93D0FC6F2240A33100AE377A = {
						CreatedOnToolsVersion = 10.1;
					};
					93D0FC832240A33300AE377A = {
						CreatedOnToolsVersion = 10.1;
						TestTargetID = 93D0FC6F2240A33100AE377A;
					};
					93D0FC8E2240A33300AE377A = {
						CreatedOnToolsVersion = 10.1;
						TestTargetID = 93D0FC6F2240A33100AE377A;
					};
				};
			};
			buildConfigurationList = 93D0FC6B2240A33100AE377A /* Build configuration list for PBXProject "Test" */;
			compatibilityVersion = "Xcode 9.3";
			developmentRegion = en;
			hasScannedForEncodings = 0;
			knownRegions = (
				en,
				Base,
			);
			mainGroup = 93D0FC672240A33100AE377A;
			productRefGroup = 93D0FC712240A33100AE377A /* Products */;
			projectDirPath = "";
			projectRoot = "";
			targets = (
				93D0FC6F2240A33100AE377A /* Test */,
				93D0FC832240A33300AE377A /* TestTests */,
				93D0FC8E2240A33300AE377A /* TestUITests */,
			);
		};
/* End PBXProject section */

/* Begin PBXResourcesBuildPhase section */
		93D0FC6E2240A33100AE377A /* Resources */ = {
			isa = PBXResourcesBuildPhase;
			buildActionMask = 2147483647;
			files = (
				93D0FC7E2240A33300AE377A /* LaunchScreen.storyboard in Resources */,
				93D0FC7B2240A33300AE377A /* Assets.xcassets in Resources */,
				93D0FC792240A33100AE377A /* Main.storyboard in Resources */,
			);
			runOnlyForDeploymentPostprocessing = 0;
		};
		93D0FC822240A33300AE377A /* Resources */ = {
			isa = PBXResourcesBuildPhase;
			buildActionMask = 2147483647;
			files = (
			);
			runOnlyForDeploymentPostprocessing = 0;
		};
		93D0FC8D2240A33300AE377A /* Resources */ = {
			isa = PBXResourcesBuildPhase;
			buildActionMask = 2147483647;
			files = (
			);
			runOnlyForDeploymentPostprocessing = 0;
		};
/* End PBXResourcesBuildPhase section */

/* Begin PBXSourcesBuildPhase section */
		93D0FC6C2240A33100AE377A /* Sources */ = {
			isa = PBXSourcesBuildPhase;
			buildActionMask = 2147483647;
			files = (
				93D0FC762240A33100AE377A /* ViewController.swift in Sources */,
				93D0FC742240A33100AE377A /* AppDelegate.swift in Sources */,
			);
			runOnlyForDeploymentPostprocessing = 0;
		};
		93D0FC802240A33300AE377A /* Sources */ = {
			isa = PBXSourcesBuildPhase;
			buildActionMask = 2147483647;
			files = (
				93D0FC892240A33300AE377A /* TestTests.swift in Sources */,
			);
			runOnlyForDeploymentPostprocessing = 0;
		};
		93D0FC8B2240A33300AE377A /* Sources */ = {
			isa = PBXSourcesBuildPhase;
			buildActionMask = 2147483647;
			files = (
				93D0FC942240A33300AE377A /* TestUITests.swift in Sources */,
			);
			runOnlyForDeploymentPostprocessing = 0;
		};
/* End PBXSourcesBuildPhase section */

/* Begin PBXTargetDependency section */
		93D0FC862240A33300AE377A /* PBXTargetDependency */ = {
			isa = PBXTargetDependency;
			target = 93D0FC6F2240A33100AE377A /* Test */;
			targetProxy = 93D0FC852240A33300AE377A /* PBXContainerItemProxy */;
		};
		93D0FC912240A33300AE377A /* PBXTargetDependency */ = {
			isa = PBXTargetDependency;
			target = 93D0FC6F2240A33100AE377A /* Test */;
			targetProxy = 93D0FC902240A33300AE377A /* PBXContainerItemProxy */;
		};
/* End PBXTargetDependency section */

/* Begin PBXVariantGroup section */
		93D0FC772240A33100AE377A /* Main.storyboard */ = {
			isa = PBXVariantGroup;
			children = (
				93D0FC782240A33100AE377A /* Base */,
			);
			name = Main.storyboard;
			sourceTree = "<group>";
		};
		93D0FC7C2240A33300AE377A /* LaunchScreen.storyboard */ = {
			isa = PBXVariantGroup;
			children = (
				93D0FC7D2240A33300AE377A /* Base */,
			);
			name = LaunchScreen.storyboard;
			sourceTree = "<group>";
		};
/* End PBXVariantGroup section */

/* Begin XCBuildConfiguration section */
		93D0FC962240A33300AE377A /* Debug */ = {
			isa = XCBuildConfiguration;
			buildSettings = {
				ALWAYS_SEARCH_USER_PATHS = NO;
				CLANG_ANALYZER_NONNULL = YES;
				CLANG_ANALYZER_NUMBER_OBJECT_CONVERSION = YES_AGGRESSIVE;
				CLANG_CXX_LANGUAGE_STANDARD = "gnu++14";
				CLANG_CXX_LIBRARY = "libc++";
				CLANG_ENABLE_MODULES = YES;
				CLANG_ENABLE_OBJC_ARC = YES;
				CLANG_ENABLE_OBJC_WEAK = YES;
				CLANG_WARN_BLOCK_CAPTURE_AUTORELEASING = YES;
				CLANG_WARN_BOOL_CONVERSION = YES;
				CLANG_WARN_COMMA = YES;
				CLANG_WARN_CONSTANT_CONVERSION = YES;
				CLANG_WARN_DEPRECATED_OBJC_IMPLEMENTATIONS = YES;
				CLANG_WARN_DIRECT_OBJC_ISA_USAGE = YES_ERROR;
				CLANG_WARN_DOCUMENTATION_COMMENTS = YES;
				CLANG_WARN_EMPTY_BODY = YES;
				CLANG_WARN_ENUM_CONVERSION = YES;
				CLANG_WARN_INFINITE_RECURSION = YES;
				CLANG_WARN_INT_CONVERSION = YES;
				CLANG_WARN_NON_LITERAL_NULL_CONVERSION = YES;
				CLANG_WARN_OBJC_IMPLICIT_RETAIN_SELF = YES;
				CLANG_WARN_OBJC_LITERAL_CONVERSION = YES;
				CLANG_WARN_OBJC_ROOT_CLASS = YES_ERROR;
				CLANG_WARN_RANGE_LOOP_ANALYSIS = YES;
				CLANG_WARN_STRICT_PROTOTYPES = YES;
				CLANG_WARN_SUSPICIOUS_MOVE = YES;
				CLANG_WARN_UNGUARDED_AVAILABILITY = YES_AGGRESSIVE;
				CLANG_WARN_UNREACHABLE_CODE = YES;
				CLANG_WARN__DUPLICATE_METHOD_MATCH = YES;
				CODE_SIGN_IDENTITY = "iPhone Developer";
				COPY_PHASE_STRIP = NO;
				DEBUG_INFORMATION_FORMAT = dwarf;
				ENABLE_STRICT_OBJC_MSGSEND = YES;
				ENABLE_TESTABILITY = YES;
				GCC_C_LANGUAGE_STANDARD = gnu11;
				GCC_DYNAMIC_NO_PIC = NO;
				GCC_NO_COMMON_BLOCKS = YES;
				GCC_OPTIMIZATION_LEVEL = 0;
				GCC_PREPROCESSOR_DEFINITIONS = (
					"DEBUG=1",
					"$(inherited)",
				);
				GCC_WARN_64_TO_32_BIT_CONVERSION = YES;
				GCC_WARN_ABOUT_RETURN_TYPE = YES_ERROR;
				GCC_WARN_UNDECLARED_SELECTOR = YES;
				GCC_WARN_UNINITIALIZED_AUTOS = YES_AGGRESSIVE;
				GCC_WARN_UNUSED_FUNCTION = YES;
				GCC_WARN_UNUSED_VARIABLE = YES;
				IPHONEOS_DEPLOYMENT_TARGET = 12.1;
				MTL_ENABLE_DEBUG_INFO = INCLUDE_SOURCE;
				MTL_FAST_MATH = YES;
				ONLY_ACTIVE_ARCH = YES;
				SDKROOT = iphoneos;
				SWIFT_ACTIVE_COMPILATION_CONDITIONS = DEBUG;
				SWIFT_OPTIMIZATION_LEVEL = "-Onone";
			};
			name = Debug;
		};
		93D0FC972240A33300AE377A /* Release */ = {
			isa = XCBuildConfiguration;
			buildSettings = {
				ALWAYS_SEARCH_USER_PATHS = NO;
				CLANG_ANALYZER_NONNULL = YES;
				CLANG_ANALYZER_NUMBER_OBJECT_CONVERSION = YES_AGGRESSIVE;
				CLANG_CXX_LANGUAGE_STANDARD = "gnu++14";
				CLANG_CXX_LIBRARY = "libc++";
				CLANG_ENABLE_MODULES = YES;
				CLANG_ENABLE_OBJC_ARC = YES;
				CLANG_ENABLE_OBJC_WEAK = YES;
				CLANG_WARN_BLOCK_CAPTURE_AUTORELEASING = YES;
				CLANG_WARN_BOOL_CONVERSION = YES;
				CLANG_WARN_COMMA = YES;
				CLANG_WARN_CONSTANT_CONVERSION = YES;
				CLANG_WARN_DEPRECATED_OBJC_IMPLEMENTATIONS = YES;
				CLANG_WARN_DIRECT_OBJC_ISA_USAGE = YES_ERROR;
				CLANG_WARN_DOCUMENTATION_COMMENTS = YES;
				CLANG_WARN_EMPTY_BODY = YES;
				CLANG_WARN_ENUM_CONVERSION = YES;
				CLANG_WARN_INFINITE_RECURSION = YES;
				CLANG_WARN_INT_CONVERSION = YES;
				CLANG_WARN_NON_LITERAL_NULL_CONVERSION = YES;
				CLANG_WARN_OBJC_IMPLICIT_RETAIN_SELF = YES;
				CLANG_WARN_OBJC_LITERAL_CONVERSION = YES;
				CLANG_WARN_OBJC_ROOT_CLASS = YES_ERROR;
				CLANG_WARN_RANGE_LOOP_ANALYSIS = YES;
				CLANG_WARN_STRICT_PROTOTYPES = YES;
				CLANG_WARN_SUSPICIOUS_MOVE = YES;
				CLANG_WARN_UNGUARDED_AVAILABILITY = YES_AGGRESSIVE;
				CLANG_WARN_UNREACHABLE_CODE = YES;
				CLANG_WARN__DUPLICATE_METHOD_MATCH = YES;
				CODE_SIGN_IDENTITY = "iPhone Developer";
				COPY_PHASE_STRIP = NO;
				DEBUG_INFORMATION_FORMAT = "dwarf-with-dsym";
				ENABLE_NS_ASSERTIONS = NO;
				ENABLE_STRICT_OBJC_MSGSEND = YES;
				GCC_C_LANGUAGE_STANDARD = gnu11;
				GCC_NO_COMMON_BLOCKS = YES;
				GCC_WARN_64_TO_32_BIT_CONVERSION = YES;
				GCC_WARN_ABOUT_RETURN_TYPE = YES_ERROR;
				GCC_WARN_UNDECLARED_SELECTOR = YES;
				GCC_WARN_UNINITIALIZED_AUTOS = YES_AGGRESSIVE;
				GCC_WARN_UNUSED_FUNCTION = YES;
				GCC_WARN_UNUSED_VARIABLE = YES;
				IPHONEOS_DEPLOYMENT_TARGET = 12.1;
				MTL_ENABLE_DEBUG_INFO = NO;
				MTL_FAST_MATH = YES;
				SDKROOT = iphoneos;
				SWIFT_COMPILATION_MODE = wholemodule;
				SWIFT_OPTIMIZATION_LEVEL = "-O";
				VALIDATE_PRODUCT = YES;
			};
			name = Release;
		};
		93D0FC992240A33300AE377A /* Debug */ = {
			isa = XCBuildConfiguration;
			buildSettings = {
				ASSETCATALOG_COMPILER_APPICON_NAME = AppIcon;
				CODE_SIGN_STYLE = Automatic;
				DEVELOPMENT_TEAM = 4YFYEM4A79;
				INFOPLIST_FILE = Test/Info.plist;
				LD_RUNPATH_SEARCH_PATHS = (
					"$(inherited)",
					"@executable_path/Frameworks",
				);
				PRODUCT_BUNDLE_IDENTIFIER = mvp.Test;
				PRODUCT_NAME = "$(TARGET_NAME)";
				SWIFT_VERSION = 4.2;
				TARGETED_DEVICE_FAMILY = "1,2";
			};
			name = Debug;
		};
		93D0FC9A2240A33300AE377A /* Release */ = {
			isa = XCBuildConfiguration;
			buildSettings = {
				ASSETCATALOG_COMPILER_APPICON_NAME = AppIcon;
				CODE_SIGN_STYLE = Automatic;
				DEVELOPMENT_TEAM = 4YFYEM4A79;
				INFOPLIST_FILE = Test/Info.plist;
				LD_RUNPATH_SEARCH_PATHS = (
					"$(inherited)",
					"@executable_path/Frameworks",
				);
				PRODUCT_BUNDLE_IDENTIFIER = mvp.Test;
				PRODUCT_NAME = "$(TARGET_NAME)";
				SWIFT_VERSION = 4.2;
				TARGETED_DEVICE_FAMILY = "1,2";
			};
			name = Release;
		};
		93D0FC9C2240A33300AE377A /* Debug */ = {
			isa = XCBuildConfiguration;
			buildSettings = {
				ALWAYS_EMBED_SWIFT_STANDARD_LIBRARIES = YES;
				BUNDLE_LOADER = "$(TEST_HOST)";
				CODE_SIGN_STYLE = Automatic;
				DEVELOPMENT_TEAM = 4YFYEM4A79;
				INFOPLIST_FILE = TestTests/Info.plist;
				LD_RUNPATH_SEARCH_PATHS = (
					"$(inherited)",
					"@executable_path/Frameworks",
					"@loader_path/Frameworks",
				);
				PRODUCT_BUNDLE_IDENTIFIER = mvp.TestTests;
				PRODUCT_NAME = "$(TARGET_NAME)";
				SWIFT_VERSION = 4.2;
				TARGETED_DEVICE_FAMILY = "1,2";
				TEST_HOST = "$(BUILT_PRODUCTS_DIR)/Test.app/Test";
			};
			name = Debug;
		};
		93D0FC9D2240A33300AE377A /* Release */ = {
			isa = XCBuildConfiguration;
			buildSettings = {
				ALWAYS_EMBED_SWIFT_STANDARD_LIBRARIES = YES;
				BUNDLE_LOADER = "$(TEST_HOST)";
				CODE_SIGN_STYLE = Automatic;
				DEVELOPMENT_TEAM = 4YFYEM4A79;
				INFOPLIST_FILE = TestTests/Info.plist;
				LD_RUNPATH_SEARCH_PATHS = (
					"$(inherited)",
					"@executable_path/Frameworks",
					"@loader_path/Frameworks",
				);
				PRODUCT_BUNDLE_IDENTIFIER = mvp.TestTests;
				PRODUCT_NAME = "$(TARGET_NAME)";
				SWIFT_VERSION = 4.2;
				TARGETED_DEVICE_FAMILY = "1,2";
				TEST_HOST = "$(BUILT_PRODUCTS_DIR)/Test.app/Test";
			};
			name = Release;
		};
		93D0FC9F2240A33300AE377A /* Debug */ = {
			isa = XCBuildConfiguration;
			buildSettings = {
				ALWAYS_EMBED_SWIFT_STANDARD_LIBRARIES = YES;
				CODE_SIGN_STYLE = Automatic;
				DEVELOPMENT_TEAM = 4YFYEM4A79;
				INFOPLIST_FILE = TestUITests/Info.plist;
				LD_RUNPATH_SEARCH_PATHS = (
					"$(inherited)",
					"@executable_path/Frameworks",
					"@loader_path/Frameworks",
				);
				PRODUCT_BUNDLE_IDENTIFIER = mvp.TestUITests;
				PRODUCT_NAME = "$(TARGET_NAME)";
				SWIFT_VERSION = 4.2;
				TARGETED_DEVICE_FAMILY = "1,2";
				TEST_TARGET_NAME = Test;
			};
			name = Debug;
		};
		93D0FCA02240A33300AE377A /* Release */ = {
			isa = XCBuildConfiguration;
			buildSettings = {
				ALWAYS_EMBED_SWIFT_STANDARD_LIBRARIES = YES;
				CODE_SIGN_STYLE = Automatic;
				DEVELOPMENT_TEAM = 4YFYEM4A79;
				INFOPLIST_FILE = TestUITests/Info.plist;
				LD_RUNPATH_SEARCH_PATHS = (
					"$(inherited)",
					"@executable_path/Frameworks",
					"@loader_path/Frameworks",
				);
				PRODUCT_BUNDLE_IDENTIFIER = mvp.TestUITests;
				PRODUCT_NAME = "$(TARGET_NAME)";
				SWIFT_VERSION = 4.2;
				TARGETED_DEVICE_FAMILY = "1,2";
				TEST_TARGET_NAME = Test;
			};
			name = Release;
		};
/* End XCBuildConfiguration section */

/* Begin XCConfigurationList section */
		93D0FC6B2240A33100AE377A /* Build configuration list for PBXProject "Test" */ = {
			isa = XCConfigurationList;
			buildConfigurations = (
				93D0FC962240A33300AE377A /* Debug */,
				93D0FC972240A33300AE377A /* Release */,
			);
			defaultConfigurationIsVisible = 0;
			defaultConfigurationName = Release;
		};
		93D0FC982240A33300AE377A /* Build configuration list for PBXNativeTarget "Test" */ = {
			isa = XCConfigurationList;
			buildConfigurations = (
				93D0FC992240A33300AE377A /* Debug */,
				93D0FC9A2240A33300AE377A /* Release */,
			);
			defaultConfigurationIsVisible = 0;
			defaultConfigurationName = Release;
		};
		93D0FC9B2240A33300AE377A /* Build configuration list for PBXNativeTarget "TestTests" */ = {
			isa = XCConfigurationList;
			buildConfigurations = (
				93D0FC9C2240A33300AE377A /* Debug */,
				93D0FC9D2240A33300AE377A /* Release */,
			);
			defaultConfigurationIsVisible = 0;
			defaultConfigurationName = Release;
		};
		93D0FC9E2240A33300AE377A /* Build configuration list for PBXNativeTarget "TestUITests" */ = {
			isa = XCConfigurationList;
			buildConfigurations = (
				93D0FC9F2240A33300AE377A /* Debug */,
				93D0FCA02240A33300AE377A /* Release */,
			);
			defaultConfigurationIsVisible = 0;
			defaultConfigurationName = Release;
		};
/* End XCConfigurationList section */
	};
	rootObject = 93D0FC682240A33100AE377A /* Project object */;
}
